
Microsoft Visual Studio Solution File, Format Version 12.00
# Visual Studio Version 17
VisualStudioVersion = 17.0.32126.317
MinimumVisualStudioVersion = 10.0.40219.1
Project("{FAE04EC0-301F-11D3-BF4B-00C04F79EFBC}") = "BTMang", "BTMang\BTMang.csproj", "{8B73213E-8E0A-4EE4-93A4-CBCAB2697C2C}"
EndProject
Global
	GlobalSection(SolutionConfigurationPlatforms) = preSolution
		Debug|Any CPU = Debug|Any CPU
		Release|Any CPU = Release|Any CPU
	EndGlobalSection
	GlobalSection(ProjectConfigurationPlatforms) = postSolution
		{8B73213E-8E0A-4EE4-93A4-CBCAB2697C2C}.Debug|Any CPU.ActiveCfg = Debug|Any CPU
		{8B73213E-8E0A-4EE4-93A4-CBCAB2697C2C}.Debug|Any CPU.Build.0 = Debug|Any CPU
		{8B73213E-8E0A-4EE4-93A4-CBCAB2697C2C}.Release|Any CPU.ActiveCfg = Release|Any CPU
		{8B73213E-8E0A-4EE4-93A4-CBCAB2697C2C}.Release|Any CPU.Build.0 = Release|Any CPU
	EndGlobalSection
	GlobalSection(SolutionProperties) = preSolution
		HideSolutionNode = FALSE
	EndGlobalSection
	GlobalSection(ExtensibilityGlobals) = postSolution
		SolutionGuid = {9164D14F-C65C-4DC3-A258-201536C3168A}
	EndGlobalSection
EndGlobal
